<?xml version="1.0" encoding="utf-8"?>
<Project ToolsVersion="4.0" xmlns="http://schemas.microsoft.com/developer/msbuild/2003">
  <ItemGroup>
    <Filter Include="Source Files">
      <UniqueIdentifier>{4FC737F1-C7A5-4376-A066-2A32D752A2FF}</UniqueIdentifier>
      <Extensions>cpp;c;cc;cxx;def;odl;idl;hpj;bat;asm;asmx</Extensions>
    </Filter>
    <Filter Include="Header Files">
      <UniqueIdentifier>{93995380-89BD-4b04-88EB-625FBE52EBFB}</UniqueIdentifier>
      <Extensions>h;hpp;hxx;hm;inl;inc;xsd</Extensions>
    </Filter>
    <Filter Include="Resource Files">
      <UniqueIdentifier>{67DA6AB6-F800-4c08-8B7A-83BB121AAD01}</UniqueIdentifier>
      <Extensions>rc;ico;cur;bmp;dlg;rc2;rct;bin;rgs;gif;jpg;jpeg;jpe;resx;tiff;tif;png;wav;mfcribbon-ms</Extensions>
    </Filter>
    <Filter Include="Header Files\Rendering">
      <UniqueIdentifier>{87492630-a553-4b0e-b116-e515bc78316f}</UniqueIdentifier>
    </Filter>
    <Filter Include="Header Files\Rendering\Primitives">
      <UniqueIdentifier>{f39c7302-caae-40dc-b9d4-6fe5589562ef}</UniqueIdentifier>
    </Filter>
    <Filter Include="Source Files\Rendering">
      <UniqueIdentifier>{acf79c8f-a0fc-4b0b-a397-609777e3a98f}</UniqueIdentifier>
    </Filter>
    <Filter Include="Source Files\Rendering\Primitives">
      <UniqueIdentifier>{b11fab59-cfc4-475e-b4f3-973898f411f4}</UniqueIdentifier>
    </Filter>
    <Filter Include="Header Files\DataManaging">
      <UniqueIdentifier>{92ef69d0-d895-42e1-a60f-b9e8ac871d79}</UniqueIdentifier>
    </Filter>
    <Filter Include="Source Files\DataManaging">
      <UniqueIdentifier>{415846ed-131d-46b9-b6a4-62f211688b53}</UniqueIdentifier>
    </Filter>
  </ItemGroup>
  <ItemGroup>
    <ClCompile Include="Initialize.cpp">
      <Filter>Source Files</Filter>
    </ClCompile>
    <ClCompile Include="CheeseRenderer.cpp">
      <Filter>Source Files\Rendering</Filter>
    </ClCompile>
    <ClCompile Include="ShadingBatch.cpp">
      <Filter>Source Files\Rendering</Filter>
    </ClCompile>
    <ClCompile Include="DataLoader.cpp">
      <Filter>Source Files\DataManaging</Filter>
    </ClCompile>
    <ClCompile Include="DataValue.cpp">
      <Filter>Source Files\DataManaging</Filter>
    </ClCompile>
    <ClCompile Include="application.cpp">
      <Filter>Source Files</Filter>
    </ClCompile>
    <ClCompile Include="UpdateLoop.cpp">
      <Filter>Source Files</Filter>
    </ClCompile>
    <ClCompile Include="Primitive.cpp">
      <Filter>Source Files\Rendering\Primitives</Filter>
    </ClCompile>
    <ClCompile Include="Vertex.cpp">
      <Filter>Source Files\Rendering\Primitives</Filter>
    </ClCompile>
    <ClCompile Include="Material.cpp">
      <Filter>Source Files\Rendering</Filter>
    </ClCompile>
    <ClCompile Include="Shader.cpp">
      <Filter>Source Files\Rendering</Filter>
    </ClCompile>
    <ClCompile Include="Quad.cpp">
      <Filter>Source Files\Rendering\Primitives</Filter>
    </ClCompile>
    <ClCompile Include="VertexDataFormat.cpp">
      <Filter>Source Files\Rendering</Filter>
    </ClCompile>
  </ItemGroup>
  <ItemGroup>
    <ClInclude Include="Initialize.h">
      <Filter>Header Files</Filter>
    </ClInclude>
    <ClInclude Include="Global.h">
      <Filter>Header Files</Filter>
    </ClInclude>
    <ClInclude Include="shaders.h">
      <Filter>Header Files\Rendering</Filter>
    </ClInclude>
    <ClInclude Include="CheeseRenderer.h">
      <Filter>Header Files\Rendering</Filter>
    </ClInclude>
    <ClInclude Include="DataLoader.h">
      <Filter>Header Files\DataManaging</Filter>
    </ClInclude>
    <ClInclude Include="DataValue.h">
      <Filter>Header Files\DataManaging</Filter>
    </ClInclude>
    <ClInclude Include="ShadingBatch.h">
      <Filter>Header Files\Rendering</Filter>
    </ClInclude>
    <ClInclude Include="UpdateLoop.h">
      <Filter>Header Files</Filter>
    </ClInclude>
    <ClInclude Include="Primitive.h">
      <Filter>Header Files\Rendering\Primitives</Filter>
    </ClInclude>
    <ClInclude Include="Vertex.h">
      <Filter>Header Files\Rendering\Primitives</Filter>
    </ClInclude>
    <ClInclude Include="Shader.h">
      <Filter>Header Files\Rendering</Filter>
    </ClInclude>
    <ClInclude Include="Material.h">
      <Filter>Header Files\Rendering</Filter>
    </ClInclude>
    <ClInclude Include="Quad.h">
      <Filter>Header Files\Rendering\Primitives</Filter>
    </ClInclude>
    <ClInclude Include="VertexDataFormat.h">
      <Filter>Header Files\Rendering</Filter>
    </ClInclude>
  </ItemGroup>
</Project>